// !$*UTF8*$!
{
	archiveVersion = 1;
	classes = {
	};
	objectVersion = 77;
	objects = {

/* Begin PBXBuildFile section */
		22DB907645AFF2E04006F959 /* TimecodeView.swift in Sources */ = {isa = PBXBuildFile; fileRef = 448DF9E3062A8EF46889DE62 /* TimecodeView.swift */; };
		29F4528E237E115BC127175D /* ImmersiveView.swift in Sources */ = {isa = PBXBuildFile; fileRef = BC9465D5054CC9FFBB7E074B /* ImmersiveView.swift */; };
		3CC3B397EDDEE45C5CCE246B /* ContentView.swift in Sources */ = {isa = PBXBuildFile; fileRef = 0E6417179DBFAD3EFA6640E8 /* ContentView.swift */; };
		5DE6C491F6AF76DC140605D9 /* VideoPlayerModel.swift in Sources */ = {isa = PBXBuildFile; fileRef = EB000A1C7360330BB74F74A9 /* VideoPlayerModel.swift */; };
		D3580E8B4F1271EBB31646DE /* SharedVisionsApp.swift in Sources */ = {isa = PBXBuildFile; fileRef = 866C1AC5BE4FC25AFBE5725C /* SharedVisionsApp.swift */; };
/* End PBXBuildFile section */

/* Begin PBXFileReference section */
		08614FCDAD3E5917F0FA76B9 /* SharedVisions.app */ = {isa = PBXFileReference; includeInIndex = 0; lastKnownFileType = wrapper.application; path = SharedVisions.app; sourceTree = BUILT_PRODUCTS_DIR; };
		0E6417179DBFAD3EFA6640E8 /* ContentView.swift */ = {isa = PBXFileReference; lastKnownFileType = sourcecode.swift; path = ContentView.swift; sourceTree = "<group>"; };
		448DF9E3062A8EF46889DE62 /* TimecodeView.swift */ = {isa = PBXFileReference; lastKnownFileType = sourcecode.swift; path = TimecodeView.swift; sourceTree = "<group>"; };
		866C1AC5BE4FC25AFBE5725C /* SharedVisionsApp.swift */ = {isa = PBXFileReference; lastKnownFileType = sourcecode.swift; path = SharedVisionsApp.swift; sourceTree = "<group>"; };
		BC9465D5054CC9FFBB7E074B /* ImmersiveView.swift */ = {isa = PBXFileReference; lastKnownFileType = sourcecode.swift; path = ImmersiveView.swift; sourceTree = "<group>"; };
		EB000A1C7360330BB74F74A9 /* VideoPlayerModel.swift */ = {isa = PBXFileReference; lastKnownFileType = sourcecode.swift; path = VideoPlayerModel.swift; sourceTree = "<group>"; };
/* End PBXFileReference section */

/* Begin PBXGroup section */
		4AEECFFE536C1F8539AE4700 /* Sources */ = {
			isa = PBXGroup;
			children = (
				0E6417179DBFAD3EFA6640E8 /* ContentView.swift */,
				BC9465D5054CC9FFBB7E074B /* ImmersiveView.swift */,
				866C1AC5BE4FC25AFBE5725C /* SharedVisionsApp.swift */,
				448DF9E3062A8EF46889DE62 /* TimecodeView.swift */,
				EB000A1C7360330BB74F74A9 /* VideoPlayerModel.swift */,
			);
			path = Sources;
			sourceTree = "<group>";
		};
		6489F73186A08CACD8F7A28A = {
			isa = PBXGroup;
			children = (
				4AEECFFE536C1F8539AE4700 /* Sources */,
				94FE5CBE10E7C8EFD9D27558 /* Products */,
			);
			sourceTree = "<group>";
		};
		94FE5CBE10E7C8EFD9D27558 /* Products */ = {
			isa = PBXGroup;
			children = (
				08614FCDAD3E5917F0FA76B9 /* SharedVisions.app */,
			);
			name = Products;
			sourceTree = "<group>";
		};
/* End PBXGroup section */

/* Begin PBXNativeTarget section */
		A5FAC55F4CB378F61E8A3659 /* SharedVisions */ = {
			isa = PBXNativeTarget;
			buildConfigurationList = 018F45C0151060718559F789 /* Build configuration list for PBXNativeTarget "SharedVisions" */;
			buildPhases = (
				AFBFE8F0292D64F78B425D10 /* Sources */,
			);
			buildRules = (
			);
			dependencies = (
			);
			name = SharedVisions;
			packageProductDependencies = (
			);
			productName = SharedVisions;
			productReference = 08614FCDAD3E5917F0FA76B9 /* SharedVisions.app */;
			productType = "com.apple.product-type.application";
		};
/* End PBXNativeTarget section */

/* Begin PBXProject section */
		820801526F9E6C4F2DCC8ADC /* Project object */ = {
			isa = PBXProject;
			attributes = {
				BuildIndependentTargetsInParallel = YES;
				LastUpgradeCheck = 1600;
				TargetAttributes = {
					A5FAC55F4CB378F61E8A3659 = {
						DevelopmentTeam = 9YZ66NTGZG;
					};
				};
			};
			buildConfigurationList = 834E648E9357CD55513B654C /* Build configuration list for PBXProject "SharedVisions" */;
			compatibilityVersion = "Xcode 14.0";
			developmentRegion = en;
			hasScannedForEncodings = 0;
			knownRegions = (
				Base,
				en,
			);
			mainGroup = 6489F73186A08CACD8F7A28A;
			minimizedProjectReferenceProxies = 1;
			preferredProjectObjectVersion = 77;
			projectDirPath = "";
			projectRoot = "";
			targets = (
				A5FAC55F4CB378F61E8A3659 /* SharedVisions */,
			);
		};
/* End PBXProject section */

/* Begin PBXSourcesBuildPhase section */
		AFBFE8F0292D64F78B425D10 /* Sources */ = {
			isa = PBXSourcesBuildPhase;
			buildActionMask = 2147483647;
			files = (
				3CC3B397EDDEE45C5CCE246B /* ContentView.swift in Sources */,
				29F4528E237E115BC127175D /* ImmersiveView.swift in Sources */,
				D3580E8B4F1271EBB31646DE /* SharedVisionsApp.swift in Sources */,
				22DB907645AFF2E04006F959 /* TimecodeView.swift in Sources */,
				5DE6C491F6AF76DC140605D9 /* VideoPlayerModel.swift in Sources */,
			);
			runOnlyForDeploymentPostprocessing = 0;
		};
/* End PBXSourcesBuildPhase section */

/* Begin XCBuildConfiguration section */
		032470D68AADD271DBD60D67 /* Debug */ = {
			isa = XCBuildConfiguration;
			buildSettings = {
				ASSETCATALOG_COMPILER_APPICON_NAME = AppIcon;
				CODE_SIGN_ENTITLEMENTS = Resources/SharedVisions.entitlements;
				INFOPLIST_KEY_CFBundleDisplayName = "Shared Visions";
				INFOPLIST_KEY_UIApplicationSceneManifest_Generation = YES;
				INFOPLIST_KEY_UILaunchScreen_Generation = YES;
				LD_RUNPATH_SEARCH_PATHS = (
					"$(inherited)",
					"@executable_path/Frameworks",
				);
				PRODUCT_BUNDLE_IDENTIFIER = com.shellcorp.sharedvisions;
				SDKROOT = xros;
				TARGETED_DEVICE_FAMILY = 7;
			};
			name = Debug;
		};
		0E9ADC9942E8FC7BF7490B8D /* Release */ = {
			isa = XCBuildConfiguration;
			buildSettings = {
				ASSETCATALOG_COMPILER_APPICON_NAME = AppIcon;
				CODE_SIGN_ENTITLEMENTS = Resources/SharedVisions.entitlements;
				INFOPLIST_KEY_CFBundleDisplayName = "Shared Visions";
				INFOPLIST_KEY_UIApplicationSceneManifest_Generation = YES;
				INFOPLIST_KEY_UILaunchScreen_Generation = YES;
				LD_RUNPATH_SEARCH_PATHS = (
					"$(inherited)",
					"@executable_path/Frameworks",
				);
				PRODUCT_BUNDLE_IDENTIFIER = com.shellcorp.sharedvisions;
				SDKROOT = xros;
				TARGETED_DEVICE_FAMILY = 7;
			};
			name = Release;
		};
		39B0335A7CBC68BD62B2905A /* Release */ = {
			isa = XCBuildConfiguration;
			buildSettings = {
				ALWAYS_SEARCH_USER_PATHS = NO;
				CLANG_ANALYZER_NONNULL = YES;
				CLANG_ANALYZER_NUMBER_OBJECT_CONVERSION = YES_AGGRESSIVE;
				CLANG_CXX_LANGUAGE_STANDARD = "gnu++14";
				CLANG_CXX_LIBRARY = "libc++";
				CLANG_ENABLE_MODULES = YES;
				CLANG_ENABLE_OBJC_ARC = YES;
				CLANG_ENABLE_OBJC_WEAK = YES;
				CLANG_WARN_BLOCK_CAPTURE_AUTORELEASING = YES;
				CLANG_WARN_BOOL_CONVERSION = YES;
				CLANG_WARN_COMMA = YES;
				CLANG_WARN_CONSTANT_CONVERSION = YES;
				CLANG_WARN_DEPRECATED_OBJC_IMPLEMENTATIONS = YES;
				CLANG_WARN_DIRECT_OBJC_ISA_USAGE = YES_ERROR;
				CLANG_WARN_DOCUMENTATION_COMMENTS = YES;
				CLANG_WARN_EMPTY_BODY = YES;
				CLANG_WARN_ENUM_CONVERSION = YES;
				CLANG_WARN_INFINITE_RECURSION = YES;
				CLANG_WARN_INT_CONVERSION = YES;
				CLANG_WARN_NON_LITERAL_NULL_CONVERSION = YES;
				CLANG_WARN_OBJC_IMPLICIT_RETAIN_SELF = YES;
				CLANG_WARN_OBJC_LITERAL_CONVERSION = YES;
				CLANG_WARN_OBJC_ROOT_CLASS = YES_ERROR;
				CLANG_WARN_QUOTED_INCLUDE_IN_FRAMEWORK_HEADER = YES;
				CLANG_WARN_RANGE_LOOP_ANALYSIS = YES;
				CLANG_WARN_STRICT_PROTOTYPES = YES;
				CLANG_WARN_SUSPICIOUS_MOVE = YES;
				CLANG_WARN_UNGUARDED_AVAILABILITY = YES_AGGRESSIVE;
				CLANG_WARN_UNREACHABLE_CODE = YES;
				CLANG_WARN__DUPLICATE_METHOD_MATCH = YES;
				COPY_PHASE_STRIP = NO;
				DEBUG_INFORMATION_FORMAT = "dwarf-with-dsym";
				DEVELOPMENT_TEAM = 9YZ66NTGZG;
				ENABLE_NS_ASSERTIONS = NO;
				ENABLE_STRICT_OBJC_MSGSEND = YES;
				GCC_C_LANGUAGE_STANDARD = gnu11;
				GCC_NO_COMMON_BLOCKS = YES;
				GCC_WARN_64_TO_32_BIT_CONVERSION = YES;
				GCC_WARN_ABOUT_RETURN_TYPE = YES_ERROR;
				GCC_WARN_UNDECLARED_SELECTOR = YES;
				GCC_WARN_UNINITIALIZED_AUTOS = YES_AGGRESSIVE;
				GCC_WARN_UNUSED_FUNCTION = YES;
				GCC_WARN_UNUSED_VARIABLE = YES;
				GENERATE_INFOPLIST_FILE = YES;
				MTL_ENABLE_DEBUG_INFO = NO;
				MTL_FAST_MATH = YES;
				PRODUCT_NAME = SharedVisions;
				SDKROOT = xros;
				SWIFT_COMPILATION_MODE = wholemodule;
				SWIFT_OPTIMIZATION_LEVEL = "-O";
				SWIFT_VERSION = 6.0;
				XROS_DEPLOYMENT_TARGET = 2.0;
			};
			name = Release;
		};
		AE454EDE0CC3CE5403B401C6 /* Debug */ = {
			isa = XCBuildConfiguration;
			buildSettings = {
				ALWAYS_SEARCH_USER_PATHS = NO;
				CLANG_ANALYZER_NONNULL = YES;
				CLANG_ANALYZER_NUMBER_OBJECT_CONVERSION = YES_AGGRESSIVE;
				CLANG_CXX_LANGUAGE_STANDARD = "gnu++14";
				CLANG_CXX_LIBRARY = "libc++";
				CLANG_ENABLE_MODULES = YES;
				CLANG_ENABLE_OBJC_ARC = YES;
				CLANG_ENABLE_OBJC_WEAK = YES;
				CLANG_WARN_BLOCK_CAPTURE_AUTORELEASING = YES;
				CLANG_WARN_BOOL_CONVERSION = YES;
				CLANG_WARN_COMMA = YES;
				CLANG_WARN_CONSTANT_CONVERSION = YES;
				CLANG_WARN_DEPRECATED_OBJC_IMPLEMENTATIONS = YES;
				CLANG_WARN_DIRECT_OBJC_ISA_USAGE = YES_ERROR;
				CLANG_WARN_DOCUMENTATION_COMMENTS = YES;
				CLANG_WARN_EMPTY_BODY = YES;
				CLANG_WARN_ENUM_CONVERSION = YES;
				CLANG_WARN_INFINITE_RECURSION = YES;
				CLANG_WARN_INT_CONVERSION = YES;
				CLANG_WARN_NON_LITERAL_NULL_CONVERSION = YES;
				CLANG_WARN_OBJC_IMPLICIT_RETAIN_SELF = YES;
				CLANG_WARN_OBJC_LITERAL_CONVERSION = YES;
				CLANG_WARN_OBJC_ROOT_CLASS = YES_ERROR;
				CLANG_WARN_QUOTED_INCLUDE_IN_FRAMEWORK_HEADER = YES;
				CLANG_WARN_RANGE_LOOP_ANALYSIS = YES;
				CLANG_WARN_STRICT_PROTOTYPES = YES;
				CLANG_WARN_SUSPICIOUS_MOVE = YES;
				CLANG_WARN_UNGUARDED_AVAILABILITY = YES_AGGRESSIVE;
				CLANG_WARN_UNREACHABLE_CODE = YES;
				CLANG_WARN__DUPLICATE_METHOD_MATCH = YES;
				COPY_PHASE_STRIP = NO;
				DEBUG_INFORMATION_FORMAT = dwarf;
				DEVELOPMENT_TEAM = 9YZ66NTGZG;
				ENABLE_STRICT_OBJC_MSGSEND = YES;
				ENABLE_TESTABILITY = YES;
				GCC_C_LANGUAGE_STANDARD = gnu11;
				GCC_DYNAMIC_NO_PIC = NO;
				GCC_NO_COMMON_BLOCKS = YES;
				GCC_OPTIMIZATION_LEVEL = 0;
				GCC_PREPROCESSOR_DEFINITIONS = (
					"$(inherited)",
					"DEBUG=1",
				);
				GCC_WARN_64_TO_32_BIT_CONVERSION = YES;
				GCC_WARN_ABOUT_RETURN_TYPE = YES_ERROR;
				GCC_WARN_UNDECLARED_SELECTOR = YES;
				GCC_WARN_UNINITIALIZED_AUTOS = YES_AGGRESSIVE;
				GCC_WARN_UNUSED_FUNCTION = YES;
				GCC_WARN_UNUSED_VARIABLE = YES;
				GENERATE_INFOPLIST_FILE = YES;
				MTL_ENABLE_DEBUG_INFO = INCLUDE_SOURCE;
				MTL_FAST_MATH = YES;
				ONLY_ACTIVE_ARCH = YES;
				PRODUCT_NAME = SharedVisions;
				SDKROOT = xros;
				SWIFT_ACTIVE_COMPILATION_CONDITIONS = DEBUG;
				SWIFT_OPTIMIZATION_LEVEL = "-Onone";
				SWIFT_VERSION = 6.0;
				XROS_DEPLOYMENT_TARGET = 2.0;
			};
			name = Debug;
		};
/* End XCBuildConfiguration section */

/* Begin XCConfigurationList section */
		018F45C0151060718559F789 /* Build configuration list for PBXNativeTarget "SharedVisions" */ = {
			isa = XCConfigurationList;
			buildConfigurations = (
				032470D68AADD271DBD60D67 /* Debug */,
				0E9ADC9942E8FC7BF7490B8D /* Release */,
			);
			defaultConfigurationIsVisible = 0;
			defaultConfigurationName = Debug;
		};
		834E648E9357CD55513B654C /* Build configuration list for PBXProject "SharedVisions" */ = {
			isa = XCConfigurationList;
			buildConfigurations = (
				AE454EDE0CC3CE5403B401C6 /* Debug */,
				39B0335A7CBC68BD62B2905A /* Release */,
			);
			defaultConfigurationIsVisible = 0;
			defaultConfigurationName = Debug;
		};
/* End XCConfigurationList section */
	};
	rootObject = 820801526F9E6C4F2DCC8ADC /* Project object */;
}
